
Microsoft Visual Studio Solution File, Format Version 12.00
# Visual Studio Version 17
VisualStudioVersion = 17.11.35327.3
MinimumVisualStudioVersion = 10.0.40219.1
Project("{FAE04EC0-301F-11D3-BF4B-00C04F79EFBC}") = "RabbitMQ.Producer", "RabbitMQ.Producer\RabbitMQ.Producer.csproj", "{F08966D1-1616-4202-8194-B09EA5861A02}"
EndProject
Global
	GlobalSection(SolutionConfigurationPlatforms) = preSolution
		Debug|Any CPU = Debug|Any CPU
		Release|Any CPU = Release|Any CPU
	EndGlobalSection
	GlobalSection(ProjectConfigurationPlatforms) = postSolution
		{F08966D1-1616-4202-8194-B09EA5861A02}.Debug|Any CPU.ActiveCfg = Debug|Any CPU
		{F08966D1-1616-4202-8194-B09EA5861A02}.Debug|Any CPU.Build.0 = Debug|Any CPU
		{F08966D1-1616-4202-8194-B09EA5861A02}.Release|Any CPU.ActiveCfg = Release|Any CPU
		{F08966D1-1616-4202-8194-B09EA5861A02}.Release|Any CPU.Build.0 = Release|Any CPU
	EndGlobalSection
	GlobalSection(SolutionProperties) = preSolution
		HideSolutionNode = FALSE
	EndGlobalSection
	GlobalSection(ExtensibilityGlobals) = postSolution
		SolutionGuid = {B6C92813-F11A-470D-AB3A-6995783B33C8}
	EndGlobalSection
EndGlobal
